// !$*UTF8*$!
{
	archiveVersion = 1;
	classes = {
	};
	objectVersion = 56;
	objects = {

/* Begin PBXBuildFile section */
		45040B512C308BFC0013488A /* AppDelegate.swift in Sources */ = {isa = PBXBuildFile; fileRef = 45040B502C308BFC0013488A /* AppDelegate.swift */; };
		45040B532C308BFC0013488A /* SceneDelegate.swift in Sources */ = {isa = PBXBuildFile; fileRef = 45040B522C308BFC0013488A /* SceneDelegate.swift */; };
		45040B552C308BFC0013488A /* ViewController.swift in Sources */ = {isa = PBXBuildFile; fileRef = 45040B542C308BFC0013488A /* ViewController.swift */; };
		45040B582C308BFC0013488A /* Main.storyboard in Resources */ = {isa = PBXBuildFile; fileRef = 45040B562C308BFC0013488A /* Main.storyboard */; };
		45040B5A2C308BFD0013488A /* Assets.xcassets in Resources */ = {isa = PBXBuildFile; fileRef = 45040B592C308BFD0013488A /* Assets.xcassets */; };
		45040B5D2C308BFD0013488A /* LaunchScreen.storyboard in Resources */ = {isa = PBXBuildFile; fileRef = 45040B5B2C308BFD0013488A /* LaunchScreen.storyboard */; };
		45040B652C30973E0013488A /* AssignTableViewCell.swift in Sources */ = {isa = PBXBuildFile; fileRef = 45040B642C30973E0013488A /* AssignTableViewCell.swift */; };
		45040B672C309FFF0013488A /* ClassViewController.swift in Sources */ = {isa = PBXBuildFile; fileRef = 45040B662C309FFF0013488A /* ClassViewController.swift */; };
/* End PBXBuildFile section */

/* Begin PBXFileReference section */
		45040B4D2C308BFC0013488A /* iosAssign2.app */ = {isa = PBXFileReference; explicitFileType = wrapper.application; includeInIndex = 0; path = iosAssign2.app; sourceTree = BUILT_PRODUCTS_DIR; };
		45040B502C308BFC0013488A /* AppDelegate.swift */ = {isa = PBXFileReference; lastKnownFileType = sourcecode.swift; path = AppDelegate.swift; sourceTree = "<group>"; };
		45040B522C308BFC0013488A /* SceneDelegate.swift */ = {isa = PBXFileReference; lastKnownFileType = sourcecode.swift; path = SceneDelegate.swift; sourceTree = "<group>"; };
		45040B542C308BFC0013488A /* ViewController.swift */ = {isa = PBXFileReference; lastKnownFileType = sourcecode.swift; path = ViewController.swift; sourceTree = "<group>"; };
		45040B572C308BFC0013488A /* Base */ = {isa = PBXFileReference; lastKnownFileType = file.storyboard; name = Base; path = Base.lproj/Main.storyboard; sourceTree = "<group>"; };
		45040B592C308BFD0013488A /* Assets.xcassets */ = {isa = PBXFileReference; lastKnownFileType = folder.assetcatalog; path = Assets.xcassets; sourceTree = "<group>"; };
		45040B5C2C308BFD0013488A /* Base */ = {isa = PBXFileReference; lastKnownFileType = file.storyboard; name = Base; path = Base.lproj/LaunchScreen.storyboard; sourceTree = "<group>"; };
		45040B5E2C308BFD0013488A /* Info.plist */ = {isa = PBXFileReference; lastKnownFileType = text.plist.xml; path = Info.plist; sourceTree = "<group>"; };
		45040B642C30973E0013488A /* AssignTableViewCell.swift */ = {isa = PBXFileReference; lastKnownFileType = sourcecode.swift; path = AssignTableViewCell.swift; sourceTree = "<group>"; };
		45040B662C309FFF0013488A /* ClassViewController.swift */ = {isa = PBXFileReference; lastKnownFileType = sourcecode.swift; path = ClassViewController.swift; sourceTree = "<group>"; };
/* End PBXFileReference section */

/* Begin PBXFrameworksBuildPhase section */
		45040B4A2C308BFC0013488A /* Frameworks */ = {
			isa = PBXFrameworksBuildPhase;
			buildActionMask = 2147483647;
			files = (
			);
			runOnlyForDeploymentPostprocessing = 0;
		};
/* End PBXFrameworksBuildPhase section */

/* Begin PBXGroup section */
		45040B442C308BFC0013488A = {
			isa = PBXGroup;
			children = (
				45040B4F2C308BFC0013488A /* iosAssign2 */,
				45040B4E2C308BFC0013488A /* Products */,
			);
			sourceTree = "<group>";
		};
		45040B4E2C308BFC0013488A /* Products */ = {
			isa = PBXGroup;
			children = (
				45040B4D2C308BFC0013488A /* iosAssign2.app */,
			);
			name = Products;
			sourceTree = "<group>";
		};
		45040B4F2C308BFC0013488A /* iosAssign2 */ = {
			isa = PBXGroup;
			children = (
				45040B502C308BFC0013488A /* AppDelegate.swift */,
				45040B522C308BFC0013488A /* SceneDelegate.swift */,
				45040B542C308BFC0013488A /* ViewController.swift */,
				45040B562C308BFC0013488A /* Main.storyboard */,
				45040B662C309FFF0013488A /* ClassViewController.swift */,
				45040B642C30973E0013488A /* AssignTableViewCell.swift */,
				45040B592C308BFD0013488A /* Assets.xcassets */,
				45040B5B2C308BFD0013488A /* LaunchScreen.storyboard */,
				45040B5E2C308BFD0013488A /* Info.plist */,
			);
			path = iosAssign2;
			sourceTree = "<group>";
		};
/* End PBXGroup section */

/* Begin PBXNativeTarget section */
		45040B4C2C308BFC0013488A /* iosAssign2 */ = {
			isa = PBXNativeTarget;
			buildConfigurationList = 45040B612C308BFD0013488A /* Build configuration list for PBXNativeTarget "iosAssign2" */;
			buildPhases = (
				45040B492C308BFC0013488A /* Sources */,
				45040B4A2C308BFC0013488A /* Frameworks */,
				45040B4B2C308BFC0013488A /* Resources */,
			);
			buildRules = (
			);
			dependencies = (
			);
			name = iosAssign2;
			productName = iosAssign2;
			productReference = 45040B4D2C308BFC0013488A /* iosAssign2.app */;
			productType = "com.apple.product-type.application";
		};
/* End PBXNativeTarget section */

/* Begin PBXProject section */
		45040B452C308BFC0013488A /* Project object */ = {
			isa = PBXProject;
			attributes = {
				BuildIndependentTargetsInParallel = 1;
				LastSwiftUpdateCheck = 1420;
				LastUpgradeCheck = 1420;
				TargetAttributes = {
					45040B4C2C308BFC0013488A = {
						CreatedOnToolsVersion = 14.2;
					};
				};
			};
			buildConfigurationList = 45040B482C308BFC0013488A /* Build configuration list for PBXProject "iosAssign2" */;
			compatibilityVersion = "Xcode 14.0";
			developmentRegion = en;
			hasScannedForEncodings = 0;
			knownRegions = (
				en,
				Base,
			);
			mainGroup = 45040B442C308BFC0013488A;
			productRefGroup = 45040B4E2C308BFC0013488A /* Products */;
			projectDirPath = "";
			projectRoot = "";
			targets = (
				45040B4C2C308BFC0013488A /* iosAssign2 */,
			);
		};
/* End PBXProject section */

/* Begin PBXResourcesBuildPhase section */
		45040B4B2C308BFC0013488A /* Resources */ = {
			isa = PBXResourcesBuildPhase;
			buildActionMask = 2147483647;
			files = (
				45040B5D2C308BFD0013488A /* LaunchScreen.storyboard in Resources */,
				45040B5A2C308BFD0013488A /* Assets.xcassets in Resources */,
				45040B582C308BFC0013488A /* Main.storyboard in Resources */,
			);
			runOnlyForDeploymentPostprocessing = 0;
		};
/* End PBXResourcesBuildPhase section */

/* Begin PBXSourcesBuildPhase section */
		45040B492C308BFC0013488A /* Sources */ = {
			isa = PBXSourcesBuildPhase;
			buildActionMask = 2147483647;
			files = (
				45040B652C30973E0013488A /* AssignTableViewCell.swift in Sources */,
				45040B672C309FFF0013488A /* ClassViewController.swift in Sources */,
				45040B552C308BFC0013488A /* ViewController.swift in Sources */,
				45040B512C308BFC0013488A /* AppDelegate.swift in Sources */,
				45040B532C308BFC0013488A /* SceneDelegate.swift in Sources */,
			);
			runOnlyForDeploymentPostprocessing = 0;
		};
/* End PBXSourcesBuildPhase section */

/* Begin PBXVariantGroup section */
		45040B562C308BFC0013488A /* Main.storyboard */ = {
			isa = PBXVariantGroup;
			children = (
				45040B572C308BFC0013488A /* Base */,
			);
			name = Main.storyboard;
			sourceTree = "<group>";
		};
		45040B5B2C308BFD0013488A /* LaunchScreen.storyboard */ = {
			isa = PBXVariantGroup;
			children = (
				45040B5C2C308BFD0013488A /* Base */,
			);
			name = LaunchScreen.storyboard;
			sourceTree = "<group>";
		};
/* End PBXVariantGroup section */

/* Begin XCBuildConfiguration section */
		45040B5F2C308BFD0013488A /* Debug */ = {
			isa = XCBuildConfiguration;
			buildSettings = {
				ALWAYS_SEARCH_USER_PATHS = NO;
				CLANG_ANALYZER_NONNULL = YES;
				CLANG_ANALYZER_NUMBER_OBJECT_CONVERSION = YES_AGGRESSIVE;
				CLANG_CXX_LANGUAGE_STANDARD = "gnu++20";
				CLANG_ENABLE_MODULES = YES;
				CLANG_ENABLE_OBJC_ARC = YES;
				CLANG_ENABLE_OBJC_WEAK = YES;
				CLANG_WARN_BLOCK_CAPTURE_AUTORELEASING = YES;
				CLANG_WARN_BOOL_CONVERSION = YES;
				CLANG_WARN_COMMA = YES;
				CLANG_WARN_CONSTANT_CONVERSION = YES;
				CLANG_WARN_DEPRECATED_OBJC_IMPLEMENTATIONS = YES;
				CLANG_WARN_DIRECT_OBJC_ISA_USAGE = YES_ERROR;
				CLANG_WARN_DOCUMENTATION_COMMENTS = YES;
				CLANG_WARN_EMPTY_BODY = YES;
				CLANG_WARN_ENUM_CONVERSION = YES;
				CLANG_WARN_INFINITE_RECURSION = YES;
				CLANG_WARN_INT_CONVERSION = YES;
				CLANG_WARN_NON_LITERAL_NULL_CONVERSION = YES;
				CLANG_WARN_OBJC_IMPLICIT_RETAIN_SELF = YES;
				CLANG_WARN_OBJC_LITERAL_CONVERSION = YES;
				CLANG_WARN_OBJC_ROOT_CLASS = YES_ERROR;
				CLANG_WARN_QUOTED_INCLUDE_IN_FRAMEWORK_HEADER = YES;
				CLANG_WARN_RANGE_LOOP_ANALYSIS = YES;
				CLANG_WARN_STRICT_PROTOTYPES = YES;
				CLANG_WARN_SUSPICIOUS_MOVE = YES;
				CLANG_WARN_UNGUARDED_AVAILABILITY = YES_AGGRESSIVE;
				CLANG_WARN_UNREACHABLE_CODE = YES;
				CLANG_WARN__DUPLICATE_METHOD_MATCH = YES;
				COPY_PHASE_STRIP = NO;
				DEBUG_INFORMATION_FORMAT = dwarf;
				ENABLE_STRICT_OBJC_MSGSEND = YES;
				ENABLE_TESTABILITY = YES;
				GCC_C_LANGUAGE_STANDARD = gnu11;
				GCC_DYNAMIC_NO_PIC = NO;
				GCC_NO_COMMON_BLOCKS = YES;
				GCC_OPTIMIZATION_LEVEL = 0;
				GCC_PREPROCESSOR_DEFINITIONS = (
					"DEBUG=1",
					"$(inherited)",
				);
				GCC_WARN_64_TO_32_BIT_CONVERSION = YES;
				GCC_WARN_ABOUT_RETURN_TYPE = YES_ERROR;
				GCC_WARN_UNDECLARED_SELECTOR = YES;
				GCC_WARN_UNINITIALIZED_AUTOS = YES_AGGRESSIVE;
				GCC_WARN_UNUSED_FUNCTION = YES;
				GCC_WARN_UNUSED_VARIABLE = YES;
				IPHONEOS_DEPLOYMENT_TARGET = 16.2;
				MTL_ENABLE_DEBUG_INFO = INCLUDE_SOURCE;
				MTL_FAST_MATH = YES;
				ONLY_ACTIVE_ARCH = YES;
				SDKROOT = iphoneos;
				SWIFT_ACTIVE_COMPILATION_CONDITIONS = DEBUG;
				SWIFT_OPTIMIZATION_LEVEL = "-Onone";
			};
			name = Debug;
		};
		45040B602C308BFD0013488A /* Release */ = {
			isa = XCBuildConfiguration;
			buildSettings = {
				ALWAYS_SEARCH_USER_PATHS = NO;
				CLANG_ANALYZER_NONNULL = YES;
				CLANG_ANALYZER_NUMBER_OBJECT_CONVERSION = YES_AGGRESSIVE;
				CLANG_CXX_LANGUAGE_STANDARD = "gnu++20";
				CLANG_ENABLE_MODULES = YES;
				CLANG_ENABLE_OBJC_ARC = YES;
				CLANG_ENABLE_OBJC_WEAK = YES;
				CLANG_WARN_BLOCK_CAPTURE_AUTORELEASING = YES;
				CLANG_WARN_BOOL_CONVERSION = YES;
				CLANG_WARN_COMMA = YES;
				CLANG_WARN_CONSTANT_CONVERSION = YES;
				CLANG_WARN_DEPRECATED_OBJC_IMPLEMENTATIONS = YES;
				CLANG_WARN_DIRECT_OBJC_ISA_USAGE = YES_ERROR;
				CLANG_WARN_DOCUMENTATION_COMMENTS = YES;
				CLANG_WARN_EMPTY_BODY = YES;
				CLANG_WARN_ENUM_CONVERSION = YES;
				CLANG_WARN_INFINITE_RECURSION = YES;
				CLANG_WARN_INT_CONVERSION = YES;
				CLANG_WARN_NON_LITERAL_NULL_CONVERSION = YES;
				CLANG_WARN_OBJC_IMPLICIT_RETAIN_SELF = YES;
				CLANG_WARN_OBJC_LITERAL_CONVERSION = YES;
				CLANG_WARN_OBJC_ROOT_CLASS = YES_ERROR;
				CLANG_WARN_QUOTED_INCLUDE_IN_FRAMEWORK_HEADER = YES;
				CLANG_WARN_RANGE_LOOP_ANALYSIS = YES;
				CLANG_WARN_STRICT_PROTOTYPES = YES;
				CLANG_WARN_SUSPICIOUS_MOVE = YES;
				CLANG_WARN_UNGUARDED_AVAILABILITY = YES_AGGRESSIVE;
				CLANG_WARN_UNREACHABLE_CODE = YES;
				CLANG_WARN__DUPLICATE_METHOD_MATCH = YES;
				COPY_PHASE_STRIP = NO;
				DEBUG_INFORMATION_FORMAT = "dwarf-with-dsym";
				ENABLE_NS_ASSERTIONS = NO;
				ENABLE_STRICT_OBJC_MSGSEND = YES;
				GCC_C_LANGUAGE_STANDARD = gnu11;
				GCC_NO_COMMON_BLOCKS = YES;
				GCC_WARN_64_TO_32_BIT_CONVERSION = YES;
				GCC_WARN_ABOUT_RETURN_TYPE = YES_ERROR;
				GCC_WARN_UNDECLARED_SELECTOR = YES;
				GCC_WARN_UNINITIALIZED_AUTOS = YES_AGGRESSIVE;
				GCC_WARN_UNUSED_FUNCTION = YES;
				GCC_WARN_UNUSED_VARIABLE = YES;
				IPHONEOS_DEPLOYMENT_TARGET = 16.2;
				MTL_ENABLE_DEBUG_INFO = NO;
				MTL_FAST_MATH = YES;
				SDKROOT = iphoneos;
				SWIFT_COMPILATION_MODE = wholemodule;
				SWIFT_OPTIMIZATION_LEVEL = "-O";
				VALIDATE_PRODUCT = YES;
			};
			name = Release;
		};
		45040B622C308BFD0013488A /* Debug */ = {
			isa = XCBuildConfiguration;
			buildSettings = {
				ASSETCATALOG_COMPILER_APPICON_NAME = AppIcon;
				ASSETCATALOG_COMPILER_GLOBAL_ACCENT_COLOR_NAME = AccentColor;
				CODE_SIGN_STYLE = Automatic;
				CURRENT_PROJECT_VERSION = 1;
				GENERATE_INFOPLIST_FILE = YES;
				INFOPLIST_FILE = iosAssign2/Info.plist;
				INFOPLIST_KEY_UIApplicationSupportsIndirectInputEvents = YES;
				INFOPLIST_KEY_UILaunchStoryboardName = LaunchScreen;
				INFOPLIST_KEY_UIMainStoryboardFile = Main;
				INFOPLIST_KEY_UISupportedInterfaceOrientations_iPad = "UIInterfaceOrientationPortrait UIInterfaceOrientationPortraitUpsideDown UIInterfaceOrientationLandscapeLeft UIInterfaceOrientationLandscapeRight";
				INFOPLIST_KEY_UISupportedInterfaceOrientations_iPhone = "UIInterfaceOrientationPortrait UIInterfaceOrientationLandscapeLeft UIInterfaceOrientationLandscapeRight";
				LD_RUNPATH_SEARCH_PATHS = (
					"$(inherited)",
					"@executable_path/Frameworks",
				);
				MARKETING_VERSION = 1.0;
				PRODUCT_BUNDLE_IDENTIFIER = com.Shyam.iosAssign2;
				PRODUCT_NAME = "$(TARGET_NAME)";
				SWIFT_EMIT_LOC_STRINGS = YES;
				SWIFT_VERSION = 5.0;
				TARGETED_DEVICE_FAMILY = "1,2";
			};
			name = Debug;
		};
		45040B632C308BFD0013488A /* Release */ = {
			isa = XCBuildConfiguration;
			buildSettings = {
				ASSETCATALOG_COMPILER_APPICON_NAME = AppIcon;
				ASSETCATALOG_COMPILER_GLOBAL_ACCENT_COLOR_NAME = AccentColor;
				CODE_SIGN_STYLE = Automatic;
				CURRENT_PROJECT_VERSION = 1;
				GENERATE_INFOPLIST_FILE = YES;
				INFOPLIST_FILE = iosAssign2/Info.plist;
				INFOPLIST_KEY_UIApplicationSupportsIndirectInputEvents = YES;
				INFOPLIST_KEY_UILaunchStoryboardName = LaunchScreen;
				INFOPLIST_KEY_UIMainStoryboardFile = Main;
				INFOPLIST_KEY_UISupportedInterfaceOrientations_iPad = "UIInterfaceOrientationPortrait UIInterfaceOrientationPortraitUpsideDown UIInterfaceOrientationLandscapeLeft UIInterfaceOrientationLandscapeRight";
				INFOPLIST_KEY_UISupportedInterfaceOrientations_iPhone = "UIInterfaceOrientationPortrait UIInterfaceOrientationLandscapeLeft UIInterfaceOrientationLandscapeRight";
				LD_RUNPATH_SEARCH_PATHS = (
					"$(inherited)",
					"@executable_path/Frameworks",
				);
				MARKETING_VERSION = 1.0;
				PRODUCT_BUNDLE_IDENTIFIER = com.Shyam.iosAssign2;
				PRODUCT_NAME = "$(TARGET_NAME)";
				SWIFT_EMIT_LOC_STRINGS = YES;
				SWIFT_VERSION = 5.0;
				TARGETED_DEVICE_FAMILY = "1,2";
			};
			name = Release;
		};
/* End XCBuildConfiguration section */

/* Begin XCConfigurationList section */
		45040B482C308BFC0013488A /* Build configuration list for PBXProject "iosAssign2" */ = {
			isa = XCConfigurationList;
			buildConfigurations = (
				45040B5F2C308BFD0013488A /* Debug */,
				45040B602C308BFD0013488A /* Release */,
			);
			defaultConfigurationIsVisible = 0;
			defaultConfigurationName = Release;
		};
		45040B612C308BFD0013488A /* Build configuration list for PBXNativeTarget "iosAssign2" */ = {
			isa = XCConfigurationList;
			buildConfigurations = (
				45040B622C308BFD0013488A /* Debug */,
				45040B632C308BFD0013488A /* Release */,
			);
			defaultConfigurationIsVisible = 0;
			defaultConfigurationName = Release;
		};
/* End XCConfigurationList section */
	};
	rootObject = 45040B452C308BFC0013488A /* Project object */;
}
